
Microsoft Visual Studio Solution File, Format Version 12.00
# Visual Studio Version 17
VisualStudioVersion = 17.9.34607.119
MinimumVisualStudioVersion = 10.0.40219.1
Project("{FAE04EC0-301F-11D3-BF4B-00C04F79EFBC}") = "CRUD_Pessoa", "CRUD_Pessoa\CRUD_Pessoa.csproj", "{42755036-139F-4BA4-AAD5-7825274A6D4B}"
EndProject
Global
	GlobalSection(SolutionConfigurationPlatforms) = preSolution
		Debug|Any CPU = Debug|Any CPU
		Release|Any CPU = Release|Any CPU
	EndGlobalSection
	GlobalSection(ProjectConfigurationPlatforms) = postSolution
		{42755036-139F-4BA4-AAD5-7825274A6D4B}.Debug|Any CPU.ActiveCfg = Debug|Any CPU
		{42755036-139F-4BA4-AAD5-7825274A6D4B}.Debug|Any CPU.Build.0 = Debug|Any CPU
		{42755036-139F-4BA4-AAD5-7825274A6D4B}.Release|Any CPU.ActiveCfg = Release|Any CPU
		{42755036-139F-4BA4-AAD5-7825274A6D4B}.Release|Any CPU.Build.0 = Release|Any CPU
	EndGlobalSection
	GlobalSection(SolutionProperties) = preSolution
		HideSolutionNode = FALSE
	EndGlobalSection
	GlobalSection(ExtensibilityGlobals) = postSolution
		SolutionGuid = {D3AEC4FE-2C03-4AAD-A2B1-532657146C2C}
	EndGlobalSection
EndGlobal
